// !$*UTF8*$!
{
	archiveVersion = 1;
	classes = {
	};
	objectVersion = 50;
	objects = {

/* Begin PBXBuildFile section */
		D87CACC921C996B20068E020 /* AppDelegate.swift in Sources */ = {isa = PBXBuildFile; fileRef = D87CACC821C996B20068E020 /* AppDelegate.swift */; };
		D87CACCE21C996B20068E020 /* Main.storyboard in Resources */ = {isa = PBXBuildFile; fileRef = D87CACCC21C996B20068E020 /* Main.storyboard */; };
		D87CACD021C996B40068E020 /* Assets.xcassets in Resources */ = {isa = PBXBuildFile; fileRef = D87CACCF21C996B40068E020 /* Assets.xcassets */; };
		D87CACD321C996B40068E020 /* LaunchScreen.storyboard in Resources */ = {isa = PBXBuildFile; fileRef = D87CACD121C996B40068E020 /* LaunchScreen.storyboard */; };
		D87CACE921C99C600068E020 /* PropertyDecodingTests.swift in Sources */ = {isa = PBXBuildFile; fileRef = D87CACE821C99C600068E020 /* PropertyDecodingTests.swift */; };
		D87CACEB21C9A4520068E020 /* LocationDecodingTests.swift in Sources */ = {isa = PBXBuildFile; fileRef = D87CACEA21C9A4520068E020 /* LocationDecodingTests.swift */; };
		D87CACEE21C9A4C80068E020 /* ImageDecodingTests.swift in Sources */ = {isa = PBXBuildFile; fileRef = D87CACED21C9A4C80068E020 /* ImageDecodingTests.swift */; };
		D87CACF521C9AD720068E020 /* Image.swift in Sources */ = {isa = PBXBuildFile; fileRef = D87CACF421C9AD720068E020 /* Image.swift */; };
		D87CACF721C9ADB10068E020 /* Location.swift in Sources */ = {isa = PBXBuildFile; fileRef = D87CACF621C9ADB10068E020 /* Location.swift */; };
		D87CACF921C9AE280068E020 /* Property.swift in Sources */ = {isa = PBXBuildFile; fileRef = D87CACF821C9AE280068E020 /* Property.swift */; };
		D87CACFE21C9C6420068E020 /* Property+Helpers.swift in Sources */ = {isa = PBXBuildFile; fileRef = D87CACFD21C9C6420068E020 /* Property+Helpers.swift */; };
		D87CAD0021C9C6760068E020 /* Image+Helpers.swift in Sources */ = {isa = PBXBuildFile; fileRef = D87CACFF21C9C6760068E020 /* Image+Helpers.swift */; };
		D87CAD0221C9C6DA0068E020 /* Location+Helpers.swift in Sources */ = {isa = PBXBuildFile; fileRef = D87CAD0121C9C6DA0068E020 /* Location+Helpers.swift */; };
		D87CAD0421C9C7BB0068E020 /* JSONDecoder+Helpers.swift in Sources */ = {isa = PBXBuildFile; fileRef = D87CAD0321C9C7BB0068E020 /* JSONDecoder+Helpers.swift */; };
		D87CAD0621C9C82B0068E020 /* Dictionary+Helpers.swift in Sources */ = {isa = PBXBuildFile; fileRef = D87CAD0521C9C82B0068E020 /* Dictionary+Helpers.swift */; };
		D87CAD0821C9CEE00068E020 /* DecodingTester.swift in Sources */ = {isa = PBXBuildFile; fileRef = D87CAD0721C9CEE00068E020 /* DecodingTester.swift */; };
		D87CAD0A21CA69CE0068E020 /* JSONPresentable.swift in Sources */ = {isa = PBXBuildFile; fileRef = D87CAD0921CA69CE0068E020 /* JSONPresentable.swift */; };
		D87CAD0F21CA74B20068E020 /* PropertiesGateway.swift in Sources */ = {isa = PBXBuildFile; fileRef = D87CAD0E21CA74B20068E020 /* PropertiesGateway.swift */; };
		D87CAD1121CA752E0068E020 /* URLSessionProtocol.swift in Sources */ = {isa = PBXBuildFile; fileRef = D87CAD1021CA752E0068E020 /* URLSessionProtocol.swift */; };
		D87CAD1321CA77630068E020 /* Result.swift in Sources */ = {isa = PBXBuildFile; fileRef = D87CAD1221CA77630068E020 /* Result.swift */; };
		D87CAD1721CA799A0068E020 /* ResultTests.swift in Sources */ = {isa = PBXBuildFile; fileRef = D87CAD1621CA799A0068E020 /* ResultTests.swift */; };
		D87CAD1921CBAF920068E020 /* Cancellable.swift in Sources */ = {isa = PBXBuildFile; fileRef = D87CAD1821CBAF920068E020 /* Cancellable.swift */; };
		D87CAD1E21CBB09A0068E020 /* PropertiesGatewayTests.swift in Sources */ = {isa = PBXBuildFile; fileRef = D87CAD1D21CBB09A0068E020 /* PropertiesGatewayTests.swift */; };
		D87CAD2021CBB11B0068E020 /* URLSessionMock.swift in Sources */ = {isa = PBXBuildFile; fileRef = D87CAD1F21CBB11B0068E020 /* URLSessionMock.swift */; };
		D87CAD2221CBB69A0068E020 /* URLSessionDataTaskProtocol.swift in Sources */ = {isa = PBXBuildFile; fileRef = D87CAD2121CBB69A0068E020 /* URLSessionDataTaskProtocol.swift */; };
		D87CAD2421CBB7B90068E020 /* URLSessionDataTaskMock.swift in Sources */ = {isa = PBXBuildFile; fileRef = D87CAD2321CBB7B90068E020 /* URLSessionDataTaskMock.swift */; };
		D87CAD2721CBC73B0068E020 /* JSONDecoderProtocol.swift in Sources */ = {isa = PBXBuildFile; fileRef = D87CAD2621CBC73B0068E020 /* JSONDecoderProtocol.swift */; };
		D87CAD2921CBCCD80068E020 /* JSONDecoderMock.swift in Sources */ = {isa = PBXBuildFile; fileRef = D87CAD2821CBCCD80068E020 /* JSONDecoderMock.swift */; };
		D87CAD4721CBFCE10068E020 /* PropertiesPresenter.swift in Sources */ = {isa = PBXBuildFile; fileRef = D87CAD4621CBFCE10068E020 /* PropertiesPresenter.swift */; };
		D87CAD4921CBFCFB0068E020 /* PropertiesView.swift in Sources */ = {isa = PBXBuildFile; fileRef = D87CAD4821CBFCFB0068E020 /* PropertiesView.swift */; };
		D87CAD4B21CBFE350068E020 /* PropertyItemView.swift in Sources */ = {isa = PBXBuildFile; fileRef = D87CAD4A21CBFE350068E020 /* PropertyItemView.swift */; };
		D87CAD4D21CC05790068E020 /* PropertyItem.swift in Sources */ = {isa = PBXBuildFile; fileRef = D87CAD4C21CC05790068E020 /* PropertyItem.swift */; };
		D87CAD5121CC0BEC0068E020 /* PropertiesViewMock.swift in Sources */ = {isa = PBXBuildFile; fileRef = D87CAD5021CC0BEC0068E020 /* PropertiesViewMock.swift */; };
		D87CAD5321CC0D620068E020 /* PropertyItemViewMock.swift in Sources */ = {isa = PBXBuildFile; fileRef = D87CAD5221CC0D620068E020 /* PropertyItemViewMock.swift */; };
		D87CAD5521CC0E200068E020 /* PropertiesGatewayMock.swift in Sources */ = {isa = PBXBuildFile; fileRef = D87CAD5421CC0E200068E020 /* PropertiesGatewayMock.swift */; };
		D87CAD5721CC0F200068E020 /* PropertiesPresenterTests.swift in Sources */ = {isa = PBXBuildFile; fileRef = D87CAD5621CC0F200068E020 /* PropertiesPresenterTests.swift */; };
		D87CAD5921CC2B770068E020 /* PropertiesConfigurator.swift in Sources */ = {isa = PBXBuildFile; fileRef = D87CAD5821CC2B770068E020 /* PropertiesConfigurator.swift */; };
		D87CAD5B21CC2F1B0068E020 /* PropertiesResponse.swift in Sources */ = {isa = PBXBuildFile; fileRef = D87CAD5A21CC2F1B0068E020 /* PropertiesResponse.swift */; };
		D87CAD5D21CC31590068E020 /* PropertiesResponse+Helpers.swift in Sources */ = {isa = PBXBuildFile; fileRef = D87CAD5C21CC31590068E020 /* PropertiesResponse+Helpers.swift */; };
		D87CAD5F21CC31CF0068E020 /* PropertiesResponseDecodingTests.swift in Sources */ = {isa = PBXBuildFile; fileRef = D87CAD5E21CC31CF0068E020 /* PropertiesResponseDecodingTests.swift */; };
		D87CAD6121CC58900068E020 /* PropertiesConfiguratorTests.swift in Sources */ = {isa = PBXBuildFile; fileRef = D87CAD6021CC58900068E020 /* PropertiesConfiguratorTests.swift */; };
		D87CAD6321CC62D80068E020 /* ImageLoader.swift in Sources */ = {isa = PBXBuildFile; fileRef = D87CAD6221CC62D80068E020 /* ImageLoader.swift */; };
		D87CAD6521CC6E0B0068E020 /* ImageLoaderTests.swift in Sources */ = {isa = PBXBuildFile; fileRef = D87CAD6421CC6E0B0068E020 /* ImageLoaderTests.swift */; };
		D87CAD6921CC70F30068E020 /* XCTest+URLSessionMock.swift in Sources */ = {isa = PBXBuildFile; fileRef = D87CAD6821CC70F30068E020 /* XCTest+URLSessionMock.swift */; };
		D87CAD6B21CC72CD0068E020 /* XCTest+JSONDecoderMock.swift in Sources */ = {isa = PBXBuildFile; fileRef = D87CAD6A21CC72CD0068E020 /* XCTest+JSONDecoderMock.swift */; };
		D87CAD6E21CC74670068E020 /* XCTest+PropertiesGatewayMock.swift in Sources */ = {isa = PBXBuildFile; fileRef = D87CAD6D21CC74670068E020 /* XCTest+PropertiesGatewayMock.swift */; };
		D87CAD7021CC79EC0068E020 /* Assets.xcassets in Resources */ = {isa = PBXBuildFile; fileRef = D87CAD6F21CC79EC0068E020 /* Assets.xcassets */; };
		D89FDD9D21CE6EFD008EAAA2 /* ErrorView.swift in Sources */ = {isa = PBXBuildFile; fileRef = D89FDD9C21CE6EFD008EAAA2 /* ErrorView.swift */; };
/* End PBXBuildFile section */

/* Begin PBXContainerItemProxy section */
		D87CACDA21C996B40068E020 /* PBXContainerItemProxy */ = {
			isa = PBXContainerItemProxy;
			containerPortal = D87CACBD21C996B20068E020 /* Project object */;
			proxyType = 1;
			remoteGlobalIDString = D87CACC421C996B20068E020;
			remoteInfo = RealEstate;
		};
/* End PBXContainerItemProxy section */

/* Begin PBXFileReference section */
		D87CACC521C996B20068E020 /* RealEstate.app */ = {isa = PBXFileReference; explicitFileType = wrapper.application; includeInIndex = 0; path = RealEstate.app; sourceTree = BUILT_PRODUCTS_DIR; };
		D87CACC821C996B20068E020 /* AppDelegate.swift */ = {isa = PBXFileReference; lastKnownFileType = sourcecode.swift; path = AppDelegate.swift; sourceTree = "<group>"; };
		D87CACCD21C996B20068E020 /* Base */ = {isa = PBXFileReference; lastKnownFileType = file.storyboard; name = Base; path = Base.lproj/Main.storyboard; sourceTree = "<group>"; };
		D87CACCF21C996B40068E020 /* Assets.xcassets */ = {isa = PBXFileReference; lastKnownFileType = folder.assetcatalog; path = Assets.xcassets; sourceTree = "<group>"; };
		D87CACD221C996B40068E020 /* Base */ = {isa = PBXFileReference; lastKnownFileType = file.storyboard; name = Base; path = Base.lproj/LaunchScreen.storyboard; sourceTree = "<group>"; };
		D87CACD421C996B40068E020 /* Info.plist */ = {isa = PBXFileReference; lastKnownFileType = text.plist.xml; path = Info.plist; sourceTree = "<group>"; };
		D87CACD921C996B40068E020 /* RealEstateTests.xctest */ = {isa = PBXFileReference; explicitFileType = wrapper.cfbundle; includeInIndex = 0; path = RealEstateTests.xctest; sourceTree = BUILT_PRODUCTS_DIR; };
		D87CACDF21C996B40068E020 /* Info.plist */ = {isa = PBXFileReference; lastKnownFileType = text.plist.xml; path = Info.plist; sourceTree = "<group>"; };
		D87CACE821C99C600068E020 /* PropertyDecodingTests.swift */ = {isa = PBXFileReference; lastKnownFileType = sourcecode.swift; path = PropertyDecodingTests.swift; sourceTree = "<group>"; };
		D87CACEA21C9A4520068E020 /* LocationDecodingTests.swift */ = {isa = PBXFileReference; lastKnownFileType = sourcecode.swift; path = LocationDecodingTests.swift; sourceTree = "<group>"; };
		D87CACED21C9A4C80068E020 /* ImageDecodingTests.swift */ = {isa = PBXFileReference; lastKnownFileType = sourcecode.swift; path = ImageDecodingTests.swift; sourceTree = "<group>"; };
		D87CACF421C9AD720068E020 /* Image.swift */ = {isa = PBXFileReference; lastKnownFileType = sourcecode.swift; path = Image.swift; sourceTree = "<group>"; };
		D87CACF621C9ADB10068E020 /* Location.swift */ = {isa = PBXFileReference; lastKnownFileType = sourcecode.swift; path = Location.swift; sourceTree = "<group>"; };
		D87CACF821C9AE280068E020 /* Property.swift */ = {isa = PBXFileReference; lastKnownFileType = sourcecode.swift; path = Property.swift; sourceTree = "<group>"; };
		D87CACFD21C9C6420068E020 /* Property+Helpers.swift */ = {isa = PBXFileReference; lastKnownFileType = sourcecode.swift; path = "Property+Helpers.swift"; sourceTree = "<group>"; };
		D87CACFF21C9C6760068E020 /* Image+Helpers.swift */ = {isa = PBXFileReference; lastKnownFileType = sourcecode.swift; path = "Image+Helpers.swift"; sourceTree = "<group>"; };
		D87CAD0121C9C6DA0068E020 /* Location+Helpers.swift */ = {isa = PBXFileReference; lastKnownFileType = sourcecode.swift; path = "Location+Helpers.swift"; sourceTree = "<group>"; };
		D87CAD0321C9C7BB0068E020 /* JSONDecoder+Helpers.swift */ = {isa = PBXFileReference; lastKnownFileType = sourcecode.swift; path = "JSONDecoder+Helpers.swift"; sourceTree = "<group>"; };
		D87CAD0521C9C82B0068E020 /* Dictionary+Helpers.swift */ = {isa = PBXFileReference; lastKnownFileType = sourcecode.swift; path = "Dictionary+Helpers.swift"; sourceTree = "<group>"; };
		D87CAD0721C9CEE00068E020 /* DecodingTester.swift */ = {isa = PBXFileReference; lastKnownFileType = sourcecode.swift; path = DecodingTester.swift; sourceTree = "<group>"; };
		D87CAD0921CA69CE0068E020 /* JSONPresentable.swift */ = {isa = PBXFileReference; lastKnownFileType = sourcecode.swift; path = JSONPresentable.swift; sourceTree = "<group>"; };
		D87CAD0E21CA74B20068E020 /* PropertiesGateway.swift */ = {isa = PBXFileReference; lastKnownFileType = sourcecode.swift; path = PropertiesGateway.swift; sourceTree = "<group>"; };
		D87CAD1021CA752E0068E020 /* URLSessionProtocol.swift */ = {isa = PBXFileReference; lastKnownFileType = sourcecode.swift; path = URLSessionProtocol.swift; sourceTree = "<group>"; };
		D87CAD1221CA77630068E020 /* Result.swift */ = {isa = PBXFileReference; lastKnownFileType = sourcecode.swift; path = Result.swift; sourceTree = "<group>"; };
		D87CAD1621CA799A0068E020 /* ResultTests.swift */ = {isa = PBXFileReference; lastKnownFileType = sourcecode.swift; path = ResultTests.swift; sourceTree = "<group>"; };
		D87CAD1821CBAF920068E020 /* Cancellable.swift */ = {isa = PBXFileReference; lastKnownFileType = sourcecode.swift; path = Cancellable.swift; sourceTree = "<group>"; };
		D87CAD1D21CBB09A0068E020 /* PropertiesGatewayTests.swift */ = {isa = PBXFileReference; lastKnownFileType = sourcecode.swift; path = PropertiesGatewayTests.swift; sourceTree = "<group>"; };
		D87CAD1F21CBB11B0068E020 /* URLSessionMock.swift */ = {isa = PBXFileReference; lastKnownFileType = sourcecode.swift; path = URLSessionMock.swift; sourceTree = "<group>"; };
		D87CAD2121CBB69A0068E020 /* URLSessionDataTaskProtocol.swift */ = {isa = PBXFileReference; lastKnownFileType = sourcecode.swift; path = URLSessionDataTaskProtocol.swift; sourceTree = "<group>"; };
		D87CAD2321CBB7B90068E020 /* URLSessionDataTaskMock.swift */ = {isa = PBXFileReference; lastKnownFileType = sourcecode.swift; path = URLSessionDataTaskMock.swift; sourceTree = "<group>"; };
		D87CAD2621CBC73B0068E020 /* JSONDecoderProtocol.swift */ = {isa = PBXFileReference; lastKnownFileType = sourcecode.swift; path = JSONDecoderProtocol.swift; sourceTree = "<group>"; };
		D87CAD2821CBCCD80068E020 /* JSONDecoderMock.swift */ = {isa = PBXFileReference; lastKnownFileType = sourcecode.swift; path = JSONDecoderMock.swift; sourceTree = "<group>"; };
		D87CAD4621CBFCE10068E020 /* PropertiesPresenter.swift */ = {isa = PBXFileReference; lastKnownFileType = sourcecode.swift; path = PropertiesPresenter.swift; sourceTree = "<group>"; };
		D87CAD4821CBFCFB0068E020 /* PropertiesView.swift */ = {isa = PBXFileReference; lastKnownFileType = sourcecode.swift; path = PropertiesView.swift; sourceTree = "<group>"; };
		D87CAD4A21CBFE350068E020 /* PropertyItemView.swift */ = {isa = PBXFileReference; lastKnownFileType = sourcecode.swift; path = PropertyItemView.swift; sourceTree = "<group>"; };
		D87CAD4C21CC05790068E020 /* PropertyItem.swift */ = {isa = PBXFileReference; lastKnownFileType = sourcecode.swift; path = PropertyItem.swift; sourceTree = "<group>"; };
		D87CAD5021CC0BEC0068E020 /* PropertiesViewMock.swift */ = {isa = PBXFileReference; lastKnownFileType = sourcecode.swift; path = PropertiesViewMock.swift; sourceTree = "<group>"; };
		D87CAD5221CC0D620068E020 /* PropertyItemViewMock.swift */ = {isa = PBXFileReference; lastKnownFileType = sourcecode.swift; path = PropertyItemViewMock.swift; sourceTree = "<group>"; };
		D87CAD5421CC0E200068E020 /* PropertiesGatewayMock.swift */ = {isa = PBXFileReference; lastKnownFileType = sourcecode.swift; path = PropertiesGatewayMock.swift; sourceTree = "<group>"; };
		D87CAD5621CC0F200068E020 /* PropertiesPresenterTests.swift */ = {isa = PBXFileReference; lastKnownFileType = sourcecode.swift; path = PropertiesPresenterTests.swift; sourceTree = "<group>"; };
		D87CAD5821CC2B770068E020 /* PropertiesConfigurator.swift */ = {isa = PBXFileReference; lastKnownFileType = sourcecode.swift; path = PropertiesConfigurator.swift; sourceTree = "<group>"; };
		D87CAD5A21CC2F1B0068E020 /* PropertiesResponse.swift */ = {isa = PBXFileReference; lastKnownFileType = sourcecode.swift; path = PropertiesResponse.swift; sourceTree = "<group>"; };
		D87CAD5C21CC31590068E020 /* PropertiesResponse+Helpers.swift */ = {isa = PBXFileReference; lastKnownFileType = sourcecode.swift; path = "PropertiesResponse+Helpers.swift"; sourceTree = "<group>"; };
		D87CAD5E21CC31CF0068E020 /* PropertiesResponseDecodingTests.swift */ = {isa = PBXFileReference; lastKnownFileType = sourcecode.swift; path = PropertiesResponseDecodingTests.swift; sourceTree = "<group>"; };
		D87CAD6021CC58900068E020 /* PropertiesConfiguratorTests.swift */ = {isa = PBXFileReference; lastKnownFileType = sourcecode.swift; path = PropertiesConfiguratorTests.swift; sourceTree = "<group>"; };
		D87CAD6221CC62D80068E020 /* ImageLoader.swift */ = {isa = PBXFileReference; lastKnownFileType = sourcecode.swift; path = ImageLoader.swift; sourceTree = "<group>"; };
		D87CAD6421CC6E0B0068E020 /* ImageLoaderTests.swift */ = {isa = PBXFileReference; lastKnownFileType = sourcecode.swift; path = ImageLoaderTests.swift; sourceTree = "<group>"; };
		D87CAD6821CC70F30068E020 /* XCTest+URLSessionMock.swift */ = {isa = PBXFileReference; lastKnownFileType = sourcecode.swift; path = "XCTest+URLSessionMock.swift"; sourceTree = "<group>"; };
		D87CAD6A21CC72CD0068E020 /* XCTest+JSONDecoderMock.swift */ = {isa = PBXFileReference; lastKnownFileType = sourcecode.swift; path = "XCTest+JSONDecoderMock.swift"; sourceTree = "<group>"; };
		D87CAD6D21CC74670068E020 /* XCTest+PropertiesGatewayMock.swift */ = {isa = PBXFileReference; lastKnownFileType = sourcecode.swift; path = "XCTest+PropertiesGatewayMock.swift"; sourceTree = "<group>"; };
		D87CAD6F21CC79EC0068E020 /* Assets.xcassets */ = {isa = PBXFileReference; lastKnownFileType = folder.assetcatalog; path = Assets.xcassets; sourceTree = "<group>"; };
		D89FDD9C21CE6EFD008EAAA2 /* ErrorView.swift */ = {isa = PBXFileReference; lastKnownFileType = sourcecode.swift; path = ErrorView.swift; sourceTree = "<group>"; };
/* End PBXFileReference section */

/* Begin PBXFrameworksBuildPhase section */
		D87CACC221C996B20068E020 /* Frameworks */ = {
			isa = PBXFrameworksBuildPhase;
			buildActionMask = 2147483647;
			files = (
			);
			runOnlyForDeploymentPostprocessing = 0;
		};
		D87CACD621C996B40068E020 /* Frameworks */ = {
			isa = PBXFrameworksBuildPhase;
			buildActionMask = 2147483647;
			files = (
			);
			runOnlyForDeploymentPostprocessing = 0;
		};
/* End PBXFrameworksBuildPhase section */

/* Begin PBXGroup section */
		D87CACBC21C996B20068E020 = {
			isa = PBXGroup;
			children = (
				D87CACC721C996B20068E020 /* RealEstate */,
				D87CACDC21C996B40068E020 /* RealEstateTests */,
				D87CACC621C996B20068E020 /* Products */,
			);
			sourceTree = "<group>";
		};
		D87CACC621C996B20068E020 /* Products */ = {
			isa = PBXGroup;
			children = (
				D87CACC521C996B20068E020 /* RealEstate.app */,
				D87CACD921C996B40068E020 /* RealEstateTests.xctest */,
			);
			name = Products;
			sourceTree = "<group>";
		};
		D87CACC721C996B20068E020 /* RealEstate */ = {
			isa = PBXGroup;
			children = (
				D87CAD2A21CBFBE10068E020 /* UserStories */,
				D87CAD1421CA795E0068E020 /* Core */,
				D87CACF221C9AD300068E020 /* Gateway */,
				D87CACC821C996B20068E020 /* AppDelegate.swift */,
				D87CACCC21C996B20068E020 /* Main.storyboard */,
				D87CACCF21C996B40068E020 /* Assets.xcassets */,
				D87CACD121C996B40068E020 /* LaunchScreen.storyboard */,
				D87CACD421C996B40068E020 /* Info.plist */,
			);
			path = RealEstate;
			sourceTree = "<group>";
		};
		D87CACDC21C996B40068E020 /* RealEstateTests */ = {
			isa = PBXGroup;
			children = (
				D87CAD4E21CC0B6D0068E020 /* UserStories */,
				D87CAD1B21CBB06D0068E020 /* Gateway */,
				D87CAD1521CA79870068E020 /* Core */,
				D87CACDF21C996B40068E020 /* Info.plist */,
				D87CAD6F21CC79EC0068E020 /* Assets.xcassets */,
			);
			path = RealEstateTests;
			sourceTree = "<group>";
		};
		D87CACEC21C9A4990068E020 /* Model */ = {
			isa = PBXGroup;
			children = (
				D87CACFC21C9C62F0068E020 /* Helpers */,
				D87CACED21C9A4C80068E020 /* ImageDecodingTests.swift */,
				D87CACEA21C9A4520068E020 /* LocationDecodingTests.swift */,
				D87CAD5E21CC31CF0068E020 /* PropertiesResponseDecodingTests.swift */,
				D87CACE821C99C600068E020 /* PropertyDecodingTests.swift */,
			);
			path = Model;
			sourceTree = "<group>";
		};
		D87CACF221C9AD300068E020 /* Gateway */ = {
			isa = PBXGroup;
			children = (
				D87CAD0D21CA747D0068E020 /* Networking */,
				D87CACF321C9AD520068E020 /* Model */,
			);
			path = Gateway;
			sourceTree = "<group>";
		};
		D87CACF321C9AD520068E020 /* Model */ = {
			isa = PBXGroup;
			children = (
				D87CACF421C9AD720068E020 /* Image.swift */,
				D87CACF621C9ADB10068E020 /* Location.swift */,
				D87CACF821C9AE280068E020 /* Property.swift */,
				D87CAD5A21CC2F1B0068E020 /* PropertiesResponse.swift */,
			);
			path = Model;
			sourceTree = "<group>";
		};
		D87CACFC21C9C62F0068E020 /* Helpers */ = {
			isa = PBXGroup;
			children = (
				D87CAD0721C9CEE00068E020 /* DecodingTester.swift */,
				D87CAD0521C9C82B0068E020 /* Dictionary+Helpers.swift */,
				D87CACFF21C9C6760068E020 /* Image+Helpers.swift */,
				D87CAD0321C9C7BB0068E020 /* JSONDecoder+Helpers.swift */,
				D87CAD0921CA69CE0068E020 /* JSONPresentable.swift */,
				D87CAD0121C9C6DA0068E020 /* Location+Helpers.swift */,
				D87CAD5C21CC31590068E020 /* PropertiesResponse+Helpers.swift */,
				D87CACFD21C9C6420068E020 /* Property+Helpers.swift */,
			);
			path = Helpers;
			sourceTree = "<group>";
		};
		D87CAD0D21CA747D0068E020 /* Networking */ = {
			isa = PBXGroup;
			children = (
				D87CAD6221CC62D80068E020 /* ImageLoader.swift */,
				D87CAD0E21CA74B20068E020 /* PropertiesGateway.swift */,
				D87CAD2121CBB69A0068E020 /* URLSessionDataTaskProtocol.swift */,
				D87CAD1021CA752E0068E020 /* URLSessionProtocol.swift */,
			);
			path = Networking;
			sourceTree = "<group>";
		};
		D87CAD1421CA795E0068E020 /* Core */ = {
			isa = PBXGroup;
			children = (
				D87CAD1221CA77630068E020 /* Result.swift */,
				D87CAD1821CBAF920068E020 /* Cancellable.swift */,
				D87CAD2621CBC73B0068E020 /* JSONDecoderProtocol.swift */,
			);
			path = Core;
			sourceTree = "<group>";
		};
		D87CAD1521CA79870068E020 /* Core */ = {
			isa = PBXGroup;
			children = (
				D87CAD1621CA799A0068E020 /* ResultTests.swift */,
			);
			path = Core;
			sourceTree = "<group>";
		};
		D87CAD1B21CBB06D0068E020 /* Gateway */ = {
			isa = PBXGroup;
			children = (
				D87CAD1C21CBB0820068E020 /* Networking */,
				D87CACEC21C9A4990068E020 /* Model */,
			);
			path = Gateway;
			sourceTree = "<group>";
		};
		D87CAD1C21CBB0820068E020 /* Networking */ = {
			isa = PBXGroup;
			children = (
				D87CAD6721CC704F0068E020 /* Helpers */,
				D87CAD6421CC6E0B0068E020 /* ImageLoaderTests.swift */,
				D87CAD1D21CBB09A0068E020 /* PropertiesGatewayTests.swift */,
			);
			path = Networking;
			sourceTree = "<group>";
		};
		D87CAD2A21CBFBE10068E020 /* UserStories */ = {
			isa = PBXGroup;
			children = (
				D89FDD9B21CE6EE3008EAAA2 /* Shared */,
				D87CAD4521CBFCB40068E020 /* PropertiesList */,
			);
			path = UserStories;
			sourceTree = "<group>";
		};
		D87CAD4521CBFCB40068E020 /* PropertiesList */ = {
			isa = PBXGroup;
			children = (
				D87CAD5821CC2B770068E020 /* PropertiesConfigurator.swift */,
				D87CAD4621CBFCE10068E020 /* PropertiesPresenter.swift */,
				D87CAD4821CBFCFB0068E020 /* PropertiesView.swift */,
				D87CAD4C21CC05790068E020 /* PropertyItem.swift */,
				D87CAD4A21CBFE350068E020 /* PropertyItemView.swift */,
			);
			path = PropertiesList;
			sourceTree = "<group>";
		};
		D87CAD4E21CC0B6D0068E020 /* UserStories */ = {
			isa = PBXGroup;
			children = (
				D87CAD4F21CC0B7C0068E020 /* PropertiesList */,
			);
			path = UserStories;
			sourceTree = "<group>";
		};
		D87CAD4F21CC0B7C0068E020 /* PropertiesList */ = {
			isa = PBXGroup;
			children = (
				D87CAD6C21CC73C30068E020 /* Helpers */,
				D87CAD6021CC58900068E020 /* PropertiesConfiguratorTests.swift */,
				D87CAD5621CC0F200068E020 /* PropertiesPresenterTests.swift */,
			);
			path = PropertiesList;
			sourceTree = "<group>";
		};
		D87CAD6721CC704F0068E020 /* Helpers */ = {
			isa = PBXGroup;
			children = (
				D87CAD2821CBCCD80068E020 /* JSONDecoderMock.swift */,
				D87CAD5421CC0E200068E020 /* PropertiesGatewayMock.swift */,
				D87CAD2321CBB7B90068E020 /* URLSessionDataTaskMock.swift */,
				D87CAD1F21CBB11B0068E020 /* URLSessionMock.swift */,
				D87CAD6821CC70F30068E020 /* XCTest+URLSessionMock.swift */,
				D87CAD6A21CC72CD0068E020 /* XCTest+JSONDecoderMock.swift */,
			);
			path = Helpers;
			sourceTree = "<group>";
		};
		D87CAD6C21CC73C30068E020 /* Helpers */ = {
			isa = PBXGroup;
			children = (
				D87CAD5021CC0BEC0068E020 /* PropertiesViewMock.swift */,
				D87CAD5221CC0D620068E020 /* PropertyItemViewMock.swift */,
				D87CAD6D21CC74670068E020 /* XCTest+PropertiesGatewayMock.swift */,
			);
			path = Helpers;
			sourceTree = "<group>";
		};
		D89FDD9B21CE6EE3008EAAA2 /* Shared */ = {
			isa = PBXGroup;
			children = (
				D89FDD9C21CE6EFD008EAAA2 /* ErrorView.swift */,
			);
			path = Shared;
			sourceTree = "<group>";
		};
/* End PBXGroup section */

/* Begin PBXNativeTarget section */
		D87CACC421C996B20068E020 /* RealEstate */ = {
			isa = PBXNativeTarget;
			buildConfigurationList = D87CACE221C996B40068E020 /* Build configuration list for PBXNativeTarget "RealEstate" */;
			buildPhases = (
				D87CACC121C996B20068E020 /* Sources */,
				D87CACC221C996B20068E020 /* Frameworks */,
				D87CACC321C996B20068E020 /* Resources */,
			);
			buildRules = (
			);
			dependencies = (
			);
			name = RealEstate;
			productName = RealEstate;
			productReference = D87CACC521C996B20068E020 /* RealEstate.app */;
			productType = "com.apple.product-type.application";
		};
		D87CACD821C996B40068E020 /* RealEstateTests */ = {
			isa = PBXNativeTarget;
			buildConfigurationList = D87CACE521C996B40068E020 /* Build configuration list for PBXNativeTarget "RealEstateTests" */;
			buildPhases = (
				D87CACD521C996B40068E020 /* Sources */,
				D87CACD621C996B40068E020 /* Frameworks */,
				D87CACD721C996B40068E020 /* Resources */,
			);
			buildRules = (
			);
			dependencies = (
				D87CACDB21C996B40068E020 /* PBXTargetDependency */,
			);
			name = RealEstateTests;
			productName = RealEstateTests;
			productReference = D87CACD921C996B40068E020 /* RealEstateTests.xctest */;
			productType = "com.apple.product-type.bundle.unit-test";
		};
/* End PBXNativeTarget section */

/* Begin PBXProject section */
		D87CACBD21C996B20068E020 /* Project object */ = {
			isa = PBXProject;
			attributes = {
				LastSwiftUpdateCheck = 1000;
				LastUpgradeCheck = 1000;
				ORGANIZATIONNAME = "Vitaly Chupryk";
				TargetAttributes = {
					D87CACC421C996B20068E020 = {
						CreatedOnToolsVersion = 10.0;
					};
					D87CACD821C996B40068E020 = {
						CreatedOnToolsVersion = 10.0;
						LastSwiftMigration = 1000;
						TestTargetID = D87CACC421C996B20068E020;
					};
				};
			};
			buildConfigurationList = D87CACC021C996B20068E020 /* Build configuration list for PBXProject "RealEstate" */;
			compatibilityVersion = "Xcode 9.3";
			developmentRegion = en;
			hasScannedForEncodings = 0;
			knownRegions = (
				en,
				Base,
			);
			mainGroup = D87CACBC21C996B20068E020;
			productRefGroup = D87CACC621C996B20068E020 /* Products */;
			projectDirPath = "";
			projectRoot = "";
			targets = (
				D87CACC421C996B20068E020 /* RealEstate */,
				D87CACD821C996B40068E020 /* RealEstateTests */,
			);
		};
/* End PBXProject section */

/* Begin PBXResourcesBuildPhase section */
		D87CACC321C996B20068E020 /* Resources */ = {
			isa = PBXResourcesBuildPhase;
			buildActionMask = 2147483647;
			files = (
				D87CACD321C996B40068E020 /* LaunchScreen.storyboard in Resources */,
				D87CACD021C996B40068E020 /* Assets.xcassets in Resources */,
				D87CACCE21C996B20068E020 /* Main.storyboard in Resources */,
			);
			runOnlyForDeploymentPostprocessing = 0;
		};
		D87CACD721C996B40068E020 /* Resources */ = {
			isa = PBXResourcesBuildPhase;
			buildActionMask = 2147483647;
			files = (
				D87CAD7021CC79EC0068E020 /* Assets.xcassets in Resources */,
			);
			runOnlyForDeploymentPostprocessing = 0;
		};
/* End PBXResourcesBuildPhase section */

/* Begin PBXSourcesBuildPhase section */
		D87CACC121C996B20068E020 /* Sources */ = {
			isa = PBXSourcesBuildPhase;
			buildActionMask = 2147483647;
			files = (
				D87CAD1121CA752E0068E020 /* URLSessionProtocol.swift in Sources */,
				D87CACC921C996B20068E020 /* AppDelegate.swift in Sources */,
				D87CAD2221CBB69A0068E020 /* URLSessionDataTaskProtocol.swift in Sources */,
				D87CAD4921CBFCFB0068E020 /* PropertiesView.swift in Sources */,
				D87CAD1921CBAF920068E020 /* Cancellable.swift in Sources */,
				D87CAD4D21CC05790068E020 /* PropertyItem.swift in Sources */,
				D87CACF721C9ADB10068E020 /* Location.swift in Sources */,
				D89FDD9D21CE6EFD008EAAA2 /* ErrorView.swift in Sources */,
				D87CACF921C9AE280068E020 /* Property.swift in Sources */,
				D87CAD5921CC2B770068E020 /* PropertiesConfigurator.swift in Sources */,
				D87CAD1321CA77630068E020 /* Result.swift in Sources */,
				D87CACF521C9AD720068E020 /* Image.swift in Sources */,
				D87CAD6321CC62D80068E020 /* ImageLoader.swift in Sources */,
				D87CAD4B21CBFE350068E020 /* PropertyItemView.swift in Sources */,
				D87CAD0F21CA74B20068E020 /* PropertiesGateway.swift in Sources */,
				D87CAD4721CBFCE10068E020 /* PropertiesPresenter.swift in Sources */,
				D87CAD2721CBC73B0068E020 /* JSONDecoderProtocol.swift in Sources */,
				D87CAD5B21CC2F1B0068E020 /* PropertiesResponse.swift in Sources */,
			);
			runOnlyForDeploymentPostprocessing = 0;
		};
		D87CACD521C996B40068E020 /* Sources */ = {
			isa = PBXSourcesBuildPhase;
			buildActionMask = 2147483647;
			files = (
				D87CAD0821C9CEE00068E020 /* DecodingTester.swift in Sources */,
				D87CAD6121CC58900068E020 /* PropertiesConfiguratorTests.swift in Sources */,
				D87CAD0A21CA69CE0068E020 /* JSONPresentable.swift in Sources */,
				D87CAD5D21CC31590068E020 /* PropertiesResponse+Helpers.swift in Sources */,
				D87CAD5F21CC31CF0068E020 /* PropertiesResponseDecodingTests.swift in Sources */,
				D87CAD6521CC6E0B0068E020 /* ImageLoaderTests.swift in Sources */,
				D87CAD6E21CC74670068E020 /* XCTest+PropertiesGatewayMock.swift in Sources */,
				D87CAD5721CC0F200068E020 /* PropertiesPresenterTests.swift in Sources */,
				D87CAD2021CBB11B0068E020 /* URLSessionMock.swift in Sources */,
				D87CACE921C99C600068E020 /* PropertyDecodingTests.swift in Sources */,
				D87CACEB21C9A4520068E020 /* LocationDecodingTests.swift in Sources */,
				D87CAD5121CC0BEC0068E020 /* PropertiesViewMock.swift in Sources */,
				D87CAD6B21CC72CD0068E020 /* XCTest+JSONDecoderMock.swift in Sources */,
				D87CAD5321CC0D620068E020 /* PropertyItemViewMock.swift in Sources */,
				D87CAD5521CC0E200068E020 /* PropertiesGatewayMock.swift in Sources */,
				D87CAD1721CA799A0068E020 /* ResultTests.swift in Sources */,
				D87CACFE21C9C6420068E020 /* Property+Helpers.swift in Sources */,
				D87CAD2421CBB7B90068E020 /* URLSessionDataTaskMock.swift in Sources */,
				D87CACEE21C9A4C80068E020 /* ImageDecodingTests.swift in Sources */,
				D87CAD2921CBCCD80068E020 /* JSONDecoderMock.swift in Sources */,
				D87CAD0221C9C6DA0068E020 /* Location+Helpers.swift in Sources */,
				D87CAD0021C9C6760068E020 /* Image+Helpers.swift in Sources */,
				D87CAD1E21CBB09A0068E020 /* PropertiesGatewayTests.swift in Sources */,
				D87CAD6921CC70F30068E020 /* XCTest+URLSessionMock.swift in Sources */,
				D87CAD0421C9C7BB0068E020 /* JSONDecoder+Helpers.swift in Sources */,
				D87CAD0621C9C82B0068E020 /* Dictionary+Helpers.swift in Sources */,
			);
			runOnlyForDeploymentPostprocessing = 0;
		};
/* End PBXSourcesBuildPhase section */

/* Begin PBXTargetDependency section */
		D87CACDB21C996B40068E020 /* PBXTargetDependency */ = {
			isa = PBXTargetDependency;
			target = D87CACC421C996B20068E020 /* RealEstate */;
			targetProxy = D87CACDA21C996B40068E020 /* PBXContainerItemProxy */;
		};
/* End PBXTargetDependency section */

/* Begin PBXVariantGroup section */
		D87CACCC21C996B20068E020 /* Main.storyboard */ = {
			isa = PBXVariantGroup;
			children = (
				D87CACCD21C996B20068E020 /* Base */,
			);
			name = Main.storyboard;
			sourceTree = "<group>";
		};
		D87CACD121C996B40068E020 /* LaunchScreen.storyboard */ = {
			isa = PBXVariantGroup;
			children = (
				D87CACD221C996B40068E020 /* Base */,
			);
			name = LaunchScreen.storyboard;
			sourceTree = "<group>";
		};
/* End PBXVariantGroup section */

/* Begin XCBuildConfiguration section */
		D87CACE021C996B40068E020 /* Debug */ = {
			isa = XCBuildConfiguration;
			buildSettings = {
				ALWAYS_SEARCH_USER_PATHS = NO;
				CLANG_ANALYZER_NONNULL = YES;
				CLANG_ANALYZER_NUMBER_OBJECT_CONVERSION = YES_AGGRESSIVE;
				CLANG_CXX_LANGUAGE_STANDARD = "gnu++14";
				CLANG_CXX_LIBRARY = "libc++";
				CLANG_ENABLE_MODULES = YES;
				CLANG_ENABLE_OBJC_ARC = YES;
				CLANG_ENABLE_OBJC_WEAK = YES;
				CLANG_WARN_BLOCK_CAPTURE_AUTORELEASING = YES;
				CLANG_WARN_BOOL_CONVERSION = YES;
				CLANG_WARN_COMMA = YES;
				CLANG_WARN_CONSTANT_CONVERSION = YES;
				CLANG_WARN_DEPRECATED_OBJC_IMPLEMENTATIONS = YES;
				CLANG_WARN_DIRECT_OBJC_ISA_USAGE = YES_ERROR;
				CLANG_WARN_DOCUMENTATION_COMMENTS = YES;
				CLANG_WARN_EMPTY_BODY = YES;
				CLANG_WARN_ENUM_CONVERSION = YES;
				CLANG_WARN_INFINITE_RECURSION = YES;
				CLANG_WARN_INT_CONVERSION = YES;
				CLANG_WARN_NON_LITERAL_NULL_CONVERSION = YES;
				CLANG_WARN_OBJC_IMPLICIT_RETAIN_SELF = YES;
				CLANG_WARN_OBJC_LITERAL_CONVERSION = YES;
				CLANG_WARN_OBJC_ROOT_CLASS = YES_ERROR;
				CLANG_WARN_RANGE_LOOP_ANALYSIS = YES;
				CLANG_WARN_STRICT_PROTOTYPES = YES;
				CLANG_WARN_SUSPICIOUS_MOVE = YES;
				CLANG_WARN_UNGUARDED_AVAILABILITY = YES_AGGRESSIVE;
				CLANG_WARN_UNREACHABLE_CODE = YES;
				CLANG_WARN__DUPLICATE_METHOD_MATCH = YES;
				CODE_SIGN_IDENTITY = "iPhone Developer";
				COPY_PHASE_STRIP = NO;
				DEBUG_INFORMATION_FORMAT = dwarf;
				ENABLE_STRICT_OBJC_MSGSEND = YES;
				ENABLE_TESTABILITY = YES;
				GCC_C_LANGUAGE_STANDARD = gnu11;
				GCC_DYNAMIC_NO_PIC = NO;
				GCC_NO_COMMON_BLOCKS = YES;
				GCC_OPTIMIZATION_LEVEL = 0;
				GCC_PREPROCESSOR_DEFINITIONS = (
					"DEBUG=1",
					"$(inherited)",
				);
				GCC_WARN_64_TO_32_BIT_CONVERSION = YES;
				GCC_WARN_ABOUT_RETURN_TYPE = YES_ERROR;
				GCC_WARN_UNDECLARED_SELECTOR = YES;
				GCC_WARN_UNINITIALIZED_AUTOS = YES_AGGRESSIVE;
				GCC_WARN_UNUSED_FUNCTION = YES;
				GCC_WARN_UNUSED_VARIABLE = YES;
				IPHONEOS_DEPLOYMENT_TARGET = 12.0;
				MTL_ENABLE_DEBUG_INFO = INCLUDE_SOURCE;
				MTL_FAST_MATH = YES;
				ONLY_ACTIVE_ARCH = YES;
				SDKROOT = iphoneos;
				SWIFT_ACTIVE_COMPILATION_CONDITIONS = DEBUG;
				SWIFT_OPTIMIZATION_LEVEL = "-Onone";
			};
			name = Debug;
		};
		D87CACE121C996B40068E020 /* Release */ = {
			isa = XCBuildConfiguration;
			buildSettings = {
				ALWAYS_SEARCH_USER_PATHS = NO;
				CLANG_ANALYZER_NONNULL = YES;
				CLANG_ANALYZER_NUMBER_OBJECT_CONVERSION = YES_AGGRESSIVE;
				CLANG_CXX_LANGUAGE_STANDARD = "gnu++14";
				CLANG_CXX_LIBRARY = "libc++";
				CLANG_ENABLE_MODULES = YES;
				CLANG_ENABLE_OBJC_ARC = YES;
				CLANG_ENABLE_OBJC_WEAK = YES;
				CLANG_WARN_BLOCK_CAPTURE_AUTORELEASING = YES;
				CLANG_WARN_BOOL_CONVERSION = YES;
				CLANG_WARN_COMMA = YES;
				CLANG_WARN_CONSTANT_CONVERSION = YES;
				CLANG_WARN_DEPRECATED_OBJC_IMPLEMENTATIONS = YES;
				CLANG_WARN_DIRECT_OBJC_ISA_USAGE = YES_ERROR;
				CLANG_WARN_DOCUMENTATION_COMMENTS = YES;
				CLANG_WARN_EMPTY_BODY = YES;
				CLANG_WARN_ENUM_CONVERSION = YES;
				CLANG_WARN_INFINITE_RECURSION = YES;
				CLANG_WARN_INT_CONVERSION = YES;
				CLANG_WARN_NON_LITERAL_NULL_CONVERSION = YES;
				CLANG_WARN_OBJC_IMPLICIT_RETAIN_SELF = YES;
				CLANG_WARN_OBJC_LITERAL_CONVERSION = YES;
				CLANG_WARN_OBJC_ROOT_CLASS = YES_ERROR;
				CLANG_WARN_RANGE_LOOP_ANALYSIS = YES;
				CLANG_WARN_STRICT_PROTOTYPES = YES;
				CLANG_WARN_SUSPICIOUS_MOVE = YES;
				CLANG_WARN_UNGUARDED_AVAILABILITY = YES_AGGRESSIVE;
				CLANG_WARN_UNREACHABLE_CODE = YES;
				CLANG_WARN__DUPLICATE_METHOD_MATCH = YES;
				CODE_SIGN_IDENTITY = "iPhone Developer";
				COPY_PHASE_STRIP = NO;
				DEBUG_INFORMATION_FORMAT = "dwarf-with-dsym";
				ENABLE_NS_ASSERTIONS = NO;
				ENABLE_STRICT_OBJC_MSGSEND = YES;
				GCC_C_LANGUAGE_STANDARD = gnu11;
				GCC_NO_COMMON_BLOCKS = YES;
				GCC_WARN_64_TO_32_BIT_CONVERSION = YES;
				GCC_WARN_ABOUT_RETURN_TYPE = YES_ERROR;
				GCC_WARN_UNDECLARED_SELECTOR = YES;
				GCC_WARN_UNINITIALIZED_AUTOS = YES_AGGRESSIVE;
				GCC_WARN_UNUSED_FUNCTION = YES;
				GCC_WARN_UNUSED_VARIABLE = YES;
				IPHONEOS_DEPLOYMENT_TARGET = 12.0;
				MTL_ENABLE_DEBUG_INFO = NO;
				MTL_FAST_MATH = YES;
				SDKROOT = iphoneos;
				SWIFT_COMPILATION_MODE = wholemodule;
				SWIFT_OPTIMIZATION_LEVEL = "-O";
				VALIDATE_PRODUCT = YES;
			};
			name = Release;
		};
		D87CACE321C996B40068E020 /* Debug */ = {
			isa = XCBuildConfiguration;
			buildSettings = {
				ASSETCATALOG_COMPILER_APPICON_NAME = AppIcon;
				CODE_SIGN_STYLE = Automatic;
				INFOPLIST_FILE = RealEstate/Info.plist;
				LD_RUNPATH_SEARCH_PATHS = (
					"$(inherited)",
					"@executable_path/Frameworks",
				);
				PRODUCT_BUNDLE_IDENTIFIER = com.chupryk.RealEstate;
				PRODUCT_NAME = "$(TARGET_NAME)";
				SWIFT_VERSION = 4.2;
				TARGETED_DEVICE_FAMILY = "1,2";
			};
			name = Debug;
		};
		D87CACE421C996B40068E020 /* Release */ = {
			isa = XCBuildConfiguration;
			buildSettings = {
				ASSETCATALOG_COMPILER_APPICON_NAME = AppIcon;
				CODE_SIGN_STYLE = Automatic;
				INFOPLIST_FILE = RealEstate/Info.plist;
				LD_RUNPATH_SEARCH_PATHS = (
					"$(inherited)",
					"@executable_path/Frameworks",
				);
				PRODUCT_BUNDLE_IDENTIFIER = com.chupryk.RealEstate;
				PRODUCT_NAME = "$(TARGET_NAME)";
				SWIFT_VERSION = 4.2;
				TARGETED_DEVICE_FAMILY = "1,2";
			};
			name = Release;
		};
		D87CACE621C996B40068E020 /* Debug */ = {
			isa = XCBuildConfiguration;
			buildSettings = {
				ALWAYS_EMBED_SWIFT_STANDARD_LIBRARIES = YES;
				BUNDLE_LOADER = "$(TEST_HOST)";
				CLANG_ENABLE_MODULES = YES;
				CODE_SIGN_STYLE = Automatic;
				INFOPLIST_FILE = RealEstateTests/Info.plist;
				LD_RUNPATH_SEARCH_PATHS = (
					"$(inherited)",
					"@executable_path/Frameworks",
					"@loader_path/Frameworks",
				);
				PRODUCT_BUNDLE_IDENTIFIER = com.chupryk.RealEstateTests;
				PRODUCT_NAME = "$(TARGET_NAME)";
				SWIFT_OPTIMIZATION_LEVEL = "-Onone";
				SWIFT_VERSION = 4.2;
				TARGETED_DEVICE_FAMILY = "1,2";
				TEST_HOST = "$(BUILT_PRODUCTS_DIR)/RealEstate.app/RealEstate";
			};
			name = Debug;
		};
		D87CACE721C996B40068E020 /* Release */ = {
			isa = XCBuildConfiguration;
			buildSettings = {
				ALWAYS_EMBED_SWIFT_STANDARD_LIBRARIES = YES;
				BUNDLE_LOADER = "$(TEST_HOST)";
				CLANG_ENABLE_MODULES = YES;
				CODE_SIGN_STYLE = Automatic;
				INFOPLIST_FILE = RealEstateTests/Info.plist;
				LD_RUNPATH_SEARCH_PATHS = (
					"$(inherited)",
					"@executable_path/Frameworks",
					"@loader_path/Frameworks",
				);
				PRODUCT_BUNDLE_IDENTIFIER = com.chupryk.RealEstateTests;
				PRODUCT_NAME = "$(TARGET_NAME)";
				SWIFT_VERSION = 4.2;
				TARGETED_DEVICE_FAMILY = "1,2";
				TEST_HOST = "$(BUILT_PRODUCTS_DIR)/RealEstate.app/RealEstate";
			};
			name = Release;
		};
/* End XCBuildConfiguration section */

/* Begin XCConfigurationList section */
		D87CACC021C996B20068E020 /* Build configuration list for PBXProject "RealEstate" */ = {
			isa = XCConfigurationList;
			buildConfigurations = (
				D87CACE021C996B40068E020 /* Debug */,
				D87CACE121C996B40068E020 /* Release */,
			);
			defaultConfigurationIsVisible = 0;
			defaultConfigurationName = Release;
		};
		D87CACE221C996B40068E020 /* Build configuration list for PBXNativeTarget "RealEstate" */ = {
			isa = XCConfigurationList;
			buildConfigurations = (
				D87CACE321C996B40068E020 /* Debug */,
				D87CACE421C996B40068E020 /* Release */,
			);
			defaultConfigurationIsVisible = 0;
			defaultConfigurationName = Release;
		};
		D87CACE521C996B40068E020 /* Build configuration list for PBXNativeTarget "RealEstateTests" */ = {
			isa = XCConfigurationList;
			buildConfigurations = (
				D87CACE621C996B40068E020 /* Debug */,
				D87CACE721C996B40068E020 /* Release */,
			);
			defaultConfigurationIsVisible = 0;
			defaultConfigurationName = Release;
		};
/* End XCConfigurationList section */
	};
	rootObject = D87CACBD21C996B20068E020 /* Project object */;
}
