// !$*UTF8*$!
{
	archiveVersion = 1;
	classes = {
	};
	objectVersion = 50;
	objects = {

/* Begin PBXBuildFile section */
		D87CACC921C996B20068E020 /* AppDelegate.swift in Sources */ = {isa = PBXBuildFile; fileRef = D87CACC821C996B20068E020 /* AppDelegate.swift */; };
		D87CACCE21C996B20068E020 /* Main.storyboard in Resources */ = {isa = PBXBuildFile; fileRef = D87CACCC21C996B20068E020 /* Main.storyboard */; };
		D87CACD021C996B40068E020 /* Assets.xcassets in Resources */ = {isa = PBXBuildFile; fileRef = D87CACCF21C996B40068E020 /* Assets.xcassets */; };
		D87CACD321C996B40068E020 /* LaunchScreen.storyboard in Resources */ = {isa = PBXBuildFile; fileRef = D87CACD121C996B40068E020 /* LaunchScreen.storyboard */; };
		D87CACE921C99C600068E020 /* PropertyDecodingTests.swift in Sources */ = {isa = PBXBuildFile; fileRef = D87CACE821C99C600068E020 /* PropertyDecodingTests.swift */; };
		D87CACEB21C9A4520068E020 /* LocationDecodingTests.swift in Sources */ = {isa = PBXBuildFile; fileRef = D87CACEA21C9A4520068E020 /* LocationDecodingTests.swift */; };
		D87CACEE21C9A4C80068E020 /* ImageDecodingTests.swift in Sources */ = {isa = PBXBuildFile; fileRef = D87CACED21C9A4C80068E020 /* ImageDecodingTests.swift */; };
		D87CACF521C9AD720068E020 /* Image.swift in Sources */ = {isa = PBXBuildFile; fileRef = D87CACF421C9AD720068E020 /* Image.swift */; };
		D87CACF721C9ADB10068E020 /* Location.swift in Sources */ = {isa = PBXBuildFile; fileRef = D87CACF621C9ADB10068E020 /* Location.swift */; };
		D87CACF921C9AE280068E020 /* Property.swift in Sources */ = {isa = PBXBuildFile; fileRef = D87CACF821C9AE280068E020 /* Property.swift */; };
		D87CAD0421C9C7BB0068E020 /* JSONDecoder+Helpers.swift in Sources */ = {isa = PBXBuildFile; fileRef = D87CAD0321C9C7BB0068E020 /* JSONDecoder+Helpers.swift */; };
		D87CAD0621C9C82B0068E020 /* Dictionary+Helpers.swift in Sources */ = {isa = PBXBuildFile; fileRef = D87CAD0521C9C82B0068E020 /* Dictionary+Helpers.swift */; };
		D87CAD0821C9CEE00068E020 /* DecodingTester.swift in Sources */ = {isa = PBXBuildFile; fileRef = D87CAD0721C9CEE00068E020 /* DecodingTester.swift */; };
		D87CAD0A21CA69CE0068E020 /* JSONPresentable.swift in Sources */ = {isa = PBXBuildFile; fileRef = D87CAD0921CA69CE0068E020 /* JSONPresentable.swift */; };
/* End PBXBuildFile section */

/* Begin PBXContainerItemProxy section */
		D87CACDA21C996B40068E020 /* PBXContainerItemProxy */ = {
			isa = PBXContainerItemProxy;
			containerPortal = D87CACBD21C996B20068E020 /* Project object */;
			proxyType = 1;
			remoteGlobalIDString = D87CACC421C996B20068E020;
			remoteInfo = RealEstate;
		};
/* End PBXContainerItemProxy section */

/* Begin PBXFileReference section */
		D87CACC521C996B20068E020 /* RealEstate.app */ = {isa = PBXFileReference; explicitFileType = wrapper.application; includeInIndex = 0; path = RealEstate.app; sourceTree = BUILT_PRODUCTS_DIR; };
		D87CACC821C996B20068E020 /* AppDelegate.swift */ = {isa = PBXFileReference; lastKnownFileType = sourcecode.swift; path = AppDelegate.swift; sourceTree = "<group>"; };
		D87CACCD21C996B20068E020 /* Base */ = {isa = PBXFileReference; lastKnownFileType = file.storyboard; name = Base; path = Base.lproj/Main.storyboard; sourceTree = "<group>"; };
		D87CACCF21C996B40068E020 /* Assets.xcassets */ = {isa = PBXFileReference; lastKnownFileType = folder.assetcatalog; path = Assets.xcassets; sourceTree = "<group>"; };
		D87CACD221C996B40068E020 /* Base */ = {isa = PBXFileReference; lastKnownFileType = file.storyboard; name = Base; path = Base.lproj/LaunchScreen.storyboard; sourceTree = "<group>"; };
		D87CACD421C996B40068E020 /* Info.plist */ = {isa = PBXFileReference; lastKnownFileType = text.plist.xml; path = Info.plist; sourceTree = "<group>"; };
		D87CACD921C996B40068E020 /* RealEstateTests.xctest */ = {isa = PBXFileReference; explicitFileType = wrapper.cfbundle; includeInIndex = 0; path = RealEstateTests.xctest; sourceTree = BUILT_PRODUCTS_DIR; };
		D87CACDF21C996B40068E020 /* Info.plist */ = {isa = PBXFileReference; lastKnownFileType = text.plist.xml; path = Info.plist; sourceTree = "<group>"; };
		D87CACE821C99C600068E020 /* PropertyDecodingTests.swift */ = {isa = PBXFileReference; lastKnownFileType = sourcecode.swift; path = PropertyDecodingTests.swift; sourceTree = "<group>"; };
		D87CACEA21C9A4520068E020 /* LocationDecodingTests.swift */ = {isa = PBXFileReference; lastKnownFileType = sourcecode.swift; path = LocationDecodingTests.swift; sourceTree = "<group>"; };
		D87CACED21C9A4C80068E020 /* ImageDecodingTests.swift */ = {isa = PBXFileReference; lastKnownFileType = sourcecode.swift; path = ImageDecodingTests.swift; sourceTree = "<group>"; };
		D87CACF421C9AD720068E020 /* Image.swift */ = {isa = PBXFileReference; lastKnownFileType = sourcecode.swift; path = Image.swift; sourceTree = "<group>"; };
		D87CACF621C9ADB10068E020 /* Location.swift */ = {isa = PBXFileReference; lastKnownFileType = sourcecode.swift; path = Location.swift; sourceTree = "<group>"; };
		D87CACF821C9AE280068E020 /* Property.swift */ = {isa = PBXFileReference; lastKnownFileType = sourcecode.swift; path = Property.swift; sourceTree = "<group>"; };
		D87CAD0321C9C7BB0068E020 /* JSONDecoder+Helpers.swift */ = {isa = PBXFileReference; lastKnownFileType = sourcecode.swift; path = "JSONDecoder+Helpers.swift"; sourceTree = "<group>"; };
		D87CAD0521C9C82B0068E020 /* Dictionary+Helpers.swift */ = {isa = PBXFileReference; lastKnownFileType = sourcecode.swift; path = "Dictionary+Helpers.swift"; sourceTree = "<group>"; };
		D87CAD0721C9CEE00068E020 /* DecodingTester.swift */ = {isa = PBXFileReference; lastKnownFileType = sourcecode.swift; path = DecodingTester.swift; sourceTree = "<group>"; };
		D87CAD0921CA69CE0068E020 /* JSONPresentable.swift */ = {isa = PBXFileReference; lastKnownFileType = sourcecode.swift; path = JSONPresentable.swift; sourceTree = "<group>"; };
/* End PBXFileReference section */

/* Begin PBXFrameworksBuildPhase section */
		D87CACC221C996B20068E020 /* Frameworks */ = {
			isa = PBXFrameworksBuildPhase;
			buildActionMask = 2147483647;
			files = (
			);
			runOnlyForDeploymentPostprocessing = 0;
		};
		D87CACD621C996B40068E020 /* Frameworks */ = {
			isa = PBXFrameworksBuildPhase;
			buildActionMask = 2147483647;
			files = (
			);
			runOnlyForDeploymentPostprocessing = 0;
		};
/* End PBXFrameworksBuildPhase section */

/* Begin PBXGroup section */
		D87CACBC21C996B20068E020 = {
			isa = PBXGroup;
			children = (
				D87CACC721C996B20068E020 /* RealEstate */,
				D87CACDC21C996B40068E020 /* RealEstateTests */,
				D87CACC621C996B20068E020 /* Products */,
			);
			sourceTree = "<group>";
		};
		D87CACC621C996B20068E020 /* Products */ = {
			isa = PBXGroup;
			children = (
				D87CACC521C996B20068E020 /* RealEstate.app */,
				D87CACD921C996B40068E020 /* RealEstateTests.xctest */,
			);
			name = Products;
			sourceTree = "<group>";
		};
		D87CACC721C996B20068E020 /* RealEstate */ = {
			isa = PBXGroup;
			children = (
				D87CACF221C9AD300068E020 /* Gateway */,
				D87CACC821C996B20068E020 /* AppDelegate.swift */,
				D87CACCC21C996B20068E020 /* Main.storyboard */,
				D87CACCF21C996B40068E020 /* Assets.xcassets */,
				D87CACD121C996B40068E020 /* LaunchScreen.storyboard */,
				D87CACD421C996B40068E020 /* Info.plist */,
			);
			path = RealEstate;
			sourceTree = "<group>";
		};
		D87CACDC21C996B40068E020 /* RealEstateTests */ = {
			isa = PBXGroup;
			children = (
				D87CACEC21C9A4990068E020 /* Model */,
				D87CACDF21C996B40068E020 /* Info.plist */,
			);
			path = RealEstateTests;
			sourceTree = "<group>";
		};
		D87CACEC21C9A4990068E020 /* Model */ = {
			isa = PBXGroup;
			children = (
				D87CACFC21C9C62F0068E020 /* Helpers */,
				D87CACE821C99C600068E020 /* PropertyDecodingTests.swift */,
				D87CACEA21C9A4520068E020 /* LocationDecodingTests.swift */,
				D87CACED21C9A4C80068E020 /* ImageDecodingTests.swift */,
			);
			path = Model;
			sourceTree = "<group>";
		};
		D87CACF221C9AD300068E020 /* Gateway */ = {
			isa = PBXGroup;
			children = (
				D87CACF321C9AD520068E020 /* Model */,
			);
			path = Gateway;
			sourceTree = "<group>";
		};
		D87CACF321C9AD520068E020 /* Model */ = {
			isa = PBXGroup;
			children = (
				D87CACF421C9AD720068E020 /* Image.swift */,
				D87CACF621C9ADB10068E020 /* Location.swift */,
				D87CACF821C9AE280068E020 /* Property.swift */,
			);
			path = Model;
			sourceTree = "<group>";
		};
		D87CACFC21C9C62F0068E020 /* Helpers */ = {
			isa = PBXGroup;
			children = (
				D87CAD0321C9C7BB0068E020 /* JSONDecoder+Helpers.swift */,
				D87CAD0521C9C82B0068E020 /* Dictionary+Helpers.swift */,
				D87CAD0721C9CEE00068E020 /* DecodingTester.swift */,
				D87CAD0921CA69CE0068E020 /* JSONPresentable.swift */,
			);
			path = Helpers;
			sourceTree = "<group>";
		};
/* End PBXGroup section */

/* Begin PBXNativeTarget section */
		D87CACC421C996B20068E020 /* RealEstate */ = {
			isa = PBXNativeTarget;
			buildConfigurationList = D87CACE221C996B40068E020 /* Build configuration list for PBXNativeTarget "RealEstate" */;
			buildPhases = (
				D87CACC121C996B20068E020 /* Sources */,
				D87CACC221C996B20068E020 /* Frameworks */,
				D87CACC321C996B20068E020 /* Resources */,
			);
			buildRules = (
			);
			dependencies = (
			);
			name = RealEstate;
			productName = RealEstate;
			productReference = D87CACC521C996B20068E020 /* RealEstate.app */;
			productType = "com.apple.product-type.application";
		};
		D87CACD821C996B40068E020 /* RealEstateTests */ = {
			isa = PBXNativeTarget;
			buildConfigurationList = D87CACE521C996B40068E020 /* Build configuration list for PBXNativeTarget "RealEstateTests" */;
			buildPhases = (
				D87CACD521C996B40068E020 /* Sources */,
				D87CACD621C996B40068E020 /* Frameworks */,
				D87CACD721C996B40068E020 /* Resources */,
			);
			buildRules = (
			);
			dependencies = (
				D87CACDB21C996B40068E020 /* PBXTargetDependency */,
			);
			name = RealEstateTests;
			productName = RealEstateTests;
			productReference = D87CACD921C996B40068E020 /* RealEstateTests.xctest */;
			productType = "com.apple.product-type.bundle.unit-test";
		};
/* End PBXNativeTarget section */

/* Begin PBXProject section */
		D87CACBD21C996B20068E020 /* Project object */ = {
			isa = PBXProject;
			attributes = {
				LastSwiftUpdateCheck = 1000;
				LastUpgradeCheck = 1000;
				ORGANIZATIONNAME = "Vitaly Chupryk";
				TargetAttributes = {
					D87CACC421C996B20068E020 = {
						CreatedOnToolsVersion = 10.0;
					};
					D87CACD821C996B40068E020 = {
						CreatedOnToolsVersion = 10.0;
						LastSwiftMigration = 1000;
						TestTargetID = D87CACC421C996B20068E020;
					};
				};
			};
			buildConfigurationList = D87CACC021C996B20068E020 /* Build configuration list for PBXProject "RealEstate" */;
			compatibilityVersion = "Xcode 9.3";
			developmentRegion = en;
			hasScannedForEncodings = 0;
			knownRegions = (
				en,
				Base,
			);
			mainGroup = D87CACBC21C996B20068E020;
			productRefGroup = D87CACC621C996B20068E020 /* Products */;
			projectDirPath = "";
			projectRoot = "";
			targets = (
				D87CACC421C996B20068E020 /* RealEstate */,
				D87CACD821C996B40068E020 /* RealEstateTests */,
			);
		};
/* End PBXProject section */

/* Begin PBXResourcesBuildPhase section */
		D87CACC321C996B20068E020 /* Resources */ = {
			isa = PBXResourcesBuildPhase;
			buildActionMask = 2147483647;
			files = (
				D87CACD321C996B40068E020 /* LaunchScreen.storyboard in Resources */,
				D87CACD021C996B40068E020 /* Assets.xcassets in Resources */,
				D87CACCE21C996B20068E020 /* Main.storyboard in Resources */,
			);
			runOnlyForDeploymentPostprocessing = 0;
		};
		D87CACD721C996B40068E020 /* Resources */ = {
			isa = PBXResourcesBuildPhase;
			buildActionMask = 2147483647;
			files = (
			);
			runOnlyForDeploymentPostprocessing = 0;
		};
/* End PBXResourcesBuildPhase section */

/* Begin PBXSourcesBuildPhase section */
		D87CACC121C996B20068E020 /* Sources */ = {
			isa = PBXSourcesBuildPhase;
			buildActionMask = 2147483647;
			files = (
				D87CACC921C996B20068E020 /* AppDelegate.swift in Sources */,
				D87CACF721C9ADB10068E020 /* Location.swift in Sources */,
				D87CACF921C9AE280068E020 /* Property.swift in Sources */,
				D87CACF521C9AD720068E020 /* Image.swift in Sources */,
			);
			runOnlyForDeploymentPostprocessing = 0;
		};
		D87CACD521C996B40068E020 /* Sources */ = {
			isa = PBXSourcesBuildPhase;
			buildActionMask = 2147483647;
			files = (
				D87CAD0821C9CEE00068E020 /* DecodingTester.swift in Sources */,
				D87CAD0A21CA69CE0068E020 /* JSONPresentable.swift in Sources */,
				D87CACE921C99C600068E020 /* PropertyDecodingTests.swift in Sources */,
				D87CACEB21C9A4520068E020 /* LocationDecodingTests.swift in Sources */,
				D87CACEE21C9A4C80068E020 /* ImageDecodingTests.swift in Sources */,
				D87CAD0421C9C7BB0068E020 /* JSONDecoder+Helpers.swift in Sources */,
				D87CAD0621C9C82B0068E020 /* Dictionary+Helpers.swift in Sources */,
			);
			runOnlyForDeploymentPostprocessing = 0;
		};
/* End PBXSourcesBuildPhase section */

/* Begin PBXTargetDependency section */
		D87CACDB21C996B40068E020 /* PBXTargetDependency */ = {
			isa = PBXTargetDependency;
			target = D87CACC421C996B20068E020 /* RealEstate */;
			targetProxy = D87CACDA21C996B40068E020 /* PBXContainerItemProxy */;
		};
/* End PBXTargetDependency section */

/* Begin PBXVariantGroup section */
		D87CACCC21C996B20068E020 /* Main.storyboard */ = {
			isa = PBXVariantGroup;
			children = (
				D87CACCD21C996B20068E020 /* Base */,
			);
			name = Main.storyboard;
			sourceTree = "<group>";
		};
		D87CACD121C996B40068E020 /* LaunchScreen.storyboard */ = {
			isa = PBXVariantGroup;
			children = (
				D87CACD221C996B40068E020 /* Base */,
			);
			name = LaunchScreen.storyboard;
			sourceTree = "<group>";
		};
/* End PBXVariantGroup section */

/* Begin XCBuildConfiguration section */
		D87CACE021C996B40068E020 /* Debug */ = {
			isa = XCBuildConfiguration;
			buildSettings = {
				ALWAYS_SEARCH_USER_PATHS = NO;
				CLANG_ANALYZER_NONNULL = YES;
				CLANG_ANALYZER_NUMBER_OBJECT_CONVERSION = YES_AGGRESSIVE;
				CLANG_CXX_LANGUAGE_STANDARD = "gnu++14";
				CLANG_CXX_LIBRARY = "libc++";
				CLANG_ENABLE_MODULES = YES;
				CLANG_ENABLE_OBJC_ARC = YES;
				CLANG_ENABLE_OBJC_WEAK = YES;
				CLANG_WARN_BLOCK_CAPTURE_AUTORELEASING = YES;
				CLANG_WARN_BOOL_CONVERSION = YES;
				CLANG_WARN_COMMA = YES;
				CLANG_WARN_CONSTANT_CONVERSION = YES;
				CLANG_WARN_DEPRECATED_OBJC_IMPLEMENTATIONS = YES;
				CLANG_WARN_DIRECT_OBJC_ISA_USAGE = YES_ERROR;
				CLANG_WARN_DOCUMENTATION_COMMENTS = YES;
				CLANG_WARN_EMPTY_BODY = YES;
				CLANG_WARN_ENUM_CONVERSION = YES;
				CLANG_WARN_INFINITE_RECURSION = YES;
				CLANG_WARN_INT_CONVERSION = YES;
				CLANG_WARN_NON_LITERAL_NULL_CONVERSION = YES;
				CLANG_WARN_OBJC_IMPLICIT_RETAIN_SELF = YES;
				CLANG_WARN_OBJC_LITERAL_CONVERSION = YES;
				CLANG_WARN_OBJC_ROOT_CLASS = YES_ERROR;
				CLANG_WARN_RANGE_LOOP_ANALYSIS = YES;
				CLANG_WARN_STRICT_PROTOTYPES = YES;
				CLANG_WARN_SUSPICIOUS_MOVE = YES;
				CLANG_WARN_UNGUARDED_AVAILABILITY = YES_AGGRESSIVE;
				CLANG_WARN_UNREACHABLE_CODE = YES;
				CLANG_WARN__DUPLICATE_METHOD_MATCH = YES;
				CODE_SIGN_IDENTITY = "iPhone Developer";
				COPY_PHASE_STRIP = NO;
				DEBUG_INFORMATION_FORMAT = dwarf;
				ENABLE_STRICT_OBJC_MSGSEND = YES;
				ENABLE_TESTABILITY = YES;
				GCC_C_LANGUAGE_STANDARD = gnu11;
				GCC_DYNAMIC_NO_PIC = NO;
				GCC_NO_COMMON_BLOCKS = YES;
				GCC_OPTIMIZATION_LEVEL = 0;
				GCC_PREPROCESSOR_DEFINITIONS = (
					"DEBUG=1",
					"$(inherited)",
				);
				GCC_WARN_64_TO_32_BIT_CONVERSION = YES;
				GCC_WARN_ABOUT_RETURN_TYPE = YES_ERROR;
				GCC_WARN_UNDECLARED_SELECTOR = YES;
				GCC_WARN_UNINITIALIZED_AUTOS = YES_AGGRESSIVE;
				GCC_WARN_UNUSED_FUNCTION = YES;
				GCC_WARN_UNUSED_VARIABLE = YES;
				IPHONEOS_DEPLOYMENT_TARGET = 12.0;
				MTL_ENABLE_DEBUG_INFO = INCLUDE_SOURCE;
				MTL_FAST_MATH = YES;
				ONLY_ACTIVE_ARCH = YES;
				SDKROOT = iphoneos;
				SWIFT_ACTIVE_COMPILATION_CONDITIONS = DEBUG;
				SWIFT_OPTIMIZATION_LEVEL = "-Onone";
			};
			name = Debug;
		};
		D87CACE121C996B40068E020 /* Release */ = {
			isa = XCBuildConfiguration;
			buildSettings = {
				ALWAYS_SEARCH_USER_PATHS = NO;
				CLANG_ANALYZER_NONNULL = YES;
				CLANG_ANALYZER_NUMBER_OBJECT_CONVERSION = YES_AGGRESSIVE;
				CLANG_CXX_LANGUAGE_STANDARD = "gnu++14";
				CLANG_CXX_LIBRARY = "libc++";
				CLANG_ENABLE_MODULES = YES;
				CLANG_ENABLE_OBJC_ARC = YES;
				CLANG_ENABLE_OBJC_WEAK = YES;
				CLANG_WARN_BLOCK_CAPTURE_AUTORELEASING = YES;
				CLANG_WARN_BOOL_CONVERSION = YES;
				CLANG_WARN_COMMA = YES;
				CLANG_WARN_CONSTANT_CONVERSION = YES;
				CLANG_WARN_DEPRECATED_OBJC_IMPLEMENTATIONS = YES;
				CLANG_WARN_DIRECT_OBJC_ISA_USAGE = YES_ERROR;
				CLANG_WARN_DOCUMENTATION_COMMENTS = YES;
				CLANG_WARN_EMPTY_BODY = YES;
				CLANG_WARN_ENUM_CONVERSION = YES;
				CLANG_WARN_INFINITE_RECURSION = YES;
				CLANG_WARN_INT_CONVERSION = YES;
				CLANG_WARN_NON_LITERAL_NULL_CONVERSION = YES;
				CLANG_WARN_OBJC_IMPLICIT_RETAIN_SELF = YES;
				CLANG_WARN_OBJC_LITERAL_CONVERSION = YES;
				CLANG_WARN_OBJC_ROOT_CLASS = YES_ERROR;
				CLANG_WARN_RANGE_LOOP_ANALYSIS = YES;
				CLANG_WARN_STRICT_PROTOTYPES = YES;
				CLANG_WARN_SUSPICIOUS_MOVE = YES;
				CLANG_WARN_UNGUARDED_AVAILABILITY = YES_AGGRESSIVE;
				CLANG_WARN_UNREACHABLE_CODE = YES;
				CLANG_WARN__DUPLICATE_METHOD_MATCH = YES;
				CODE_SIGN_IDENTITY = "iPhone Developer";
				COPY_PHASE_STRIP = NO;
				DEBUG_INFORMATION_FORMAT = "dwarf-with-dsym";
				ENABLE_NS_ASSERTIONS = NO;
				ENABLE_STRICT_OBJC_MSGSEND = YES;
				GCC_C_LANGUAGE_STANDARD = gnu11;
				GCC_NO_COMMON_BLOCKS = YES;
				GCC_WARN_64_TO_32_BIT_CONVERSION = YES;
				GCC_WARN_ABOUT_RETURN_TYPE = YES_ERROR;
				GCC_WARN_UNDECLARED_SELECTOR = YES;
				GCC_WARN_UNINITIALIZED_AUTOS = YES_AGGRESSIVE;
				GCC_WARN_UNUSED_FUNCTION = YES;
				GCC_WARN_UNUSED_VARIABLE = YES;
				IPHONEOS_DEPLOYMENT_TARGET = 12.0;
				MTL_ENABLE_DEBUG_INFO = NO;
				MTL_FAST_MATH = YES;
				SDKROOT = iphoneos;
				SWIFT_COMPILATION_MODE = wholemodule;
				SWIFT_OPTIMIZATION_LEVEL = "-O";
				VALIDATE_PRODUCT = YES;
			};
			name = Release;
		};
		D87CACE321C996B40068E020 /* Debug */ = {
			isa = XCBuildConfiguration;
			buildSettings = {
				ASSETCATALOG_COMPILER_APPICON_NAME = AppIcon;
				CODE_SIGN_STYLE = Automatic;
				INFOPLIST_FILE = RealEstate/Info.plist;
				LD_RUNPATH_SEARCH_PATHS = (
					"$(inherited)",
					"@executable_path/Frameworks",
				);
				PRODUCT_BUNDLE_IDENTIFIER = com.chupryk.RealEstate;
				PRODUCT_NAME = "$(TARGET_NAME)";
				SWIFT_VERSION = 4.2;
				TARGETED_DEVICE_FAMILY = "1,2";
			};
			name = Debug;
		};
		D87CACE421C996B40068E020 /* Release */ = {
			isa = XCBuildConfiguration;
			buildSettings = {
				ASSETCATALOG_COMPILER_APPICON_NAME = AppIcon;
				CODE_SIGN_STYLE = Automatic;
				INFOPLIST_FILE = RealEstate/Info.plist;
				LD_RUNPATH_SEARCH_PATHS = (
					"$(inherited)",
					"@executable_path/Frameworks",
				);
				PRODUCT_BUNDLE_IDENTIFIER = com.chupryk.RealEstate;
				PRODUCT_NAME = "$(TARGET_NAME)";
				SWIFT_VERSION = 4.2;
				TARGETED_DEVICE_FAMILY = "1,2";
			};
			name = Release;
		};
		D87CACE621C996B40068E020 /* Debug */ = {
			isa = XCBuildConfiguration;
			buildSettings = {
				ALWAYS_EMBED_SWIFT_STANDARD_LIBRARIES = YES;
				BUNDLE_LOADER = "$(TEST_HOST)";
				CLANG_ENABLE_MODULES = YES;
				CODE_SIGN_STYLE = Automatic;
				INFOPLIST_FILE = RealEstateTests/Info.plist;
				LD_RUNPATH_SEARCH_PATHS = (
					"$(inherited)",
					"@executable_path/Frameworks",
					"@loader_path/Frameworks",
				);
				PRODUCT_BUNDLE_IDENTIFIER = com.chupryk.RealEstateTests;
				PRODUCT_NAME = "$(TARGET_NAME)";
				SWIFT_OPTIMIZATION_LEVEL = "-Onone";
				SWIFT_VERSION = 4.2;
				TARGETED_DEVICE_FAMILY = "1,2";
				TEST_HOST = "$(BUILT_PRODUCTS_DIR)/RealEstate.app/RealEstate";
			};
			name = Debug;
		};
		D87CACE721C996B40068E020 /* Release */ = {
			isa = XCBuildConfiguration;
			buildSettings = {
				ALWAYS_EMBED_SWIFT_STANDARD_LIBRARIES = YES;
				BUNDLE_LOADER = "$(TEST_HOST)";
				CLANG_ENABLE_MODULES = YES;
				CODE_SIGN_STYLE = Automatic;
				INFOPLIST_FILE = RealEstateTests/Info.plist;
				LD_RUNPATH_SEARCH_PATHS = (
					"$(inherited)",
					"@executable_path/Frameworks",
					"@loader_path/Frameworks",
				);
				PRODUCT_BUNDLE_IDENTIFIER = com.chupryk.RealEstateTests;
				PRODUCT_NAME = "$(TARGET_NAME)";
				SWIFT_VERSION = 4.2;
				TARGETED_DEVICE_FAMILY = "1,2";
				TEST_HOST = "$(BUILT_PRODUCTS_DIR)/RealEstate.app/RealEstate";
			};
			name = Release;
		};
/* End XCBuildConfiguration section */

/* Begin XCConfigurationList section */
		D87CACC021C996B20068E020 /* Build configuration list for PBXProject "RealEstate" */ = {
			isa = XCConfigurationList;
			buildConfigurations = (
				D87CACE021C996B40068E020 /* Debug */,
				D87CACE121C996B40068E020 /* Release */,
			);
			defaultConfigurationIsVisible = 0;
			defaultConfigurationName = Release;
		};
		D87CACE221C996B40068E020 /* Build configuration list for PBXNativeTarget "RealEstate" */ = {
			isa = XCConfigurationList;
			buildConfigurations = (
				D87CACE321C996B40068E020 /* Debug */,
				D87CACE421C996B40068E020 /* Release */,
			);
			defaultConfigurationIsVisible = 0;
			defaultConfigurationName = Release;
		};
		D87CACE521C996B40068E020 /* Build configuration list for PBXNativeTarget "RealEstateTests" */ = {
			isa = XCConfigurationList;
			buildConfigurations = (
				D87CACE621C996B40068E020 /* Debug */,
				D87CACE721C996B40068E020 /* Release */,
			);
			defaultConfigurationIsVisible = 0;
			defaultConfigurationName = Release;
		};
/* End XCConfigurationList section */
	};
	rootObject = D87CACBD21C996B20068E020 /* Project object */;
}
